// !$*UTF8*$!
{
	archiveVersion = 1;
	classes = {
	};
	objectVersion = 70;
	objects = {

/* Begin PBXBuildFile section */
		AE2F5FBD2DD0FF3F003BDC36 /* SwiftProtobuf in Frameworks */ = {isa = PBXBuildFile; productRef = AE2F5FBC2DD0FF3F003BDC36 /* SwiftProtobuf */; };
		AE2F5FBF2DD0FF3F003BDC36 /* SwiftProtobufPluginLibrary in Frameworks */ = {isa = PBXBuildFile; productRef = AE2F5FBE2DD0FF3F003BDC36 /* SwiftProtobufPluginLibrary */; };
		AE2F5FC12DD0FF3F003BDC36 /* protoc-gen-swift in Frameworks */ = {isa = PBXBuildFile; productRef = AE2F5FC02DD0FF3F003BDC36 /* protoc-gen-swift */; };
		AE2F5FDA2DD106A6003BDC36 /* protoc-gen-grpc-swift in Frameworks */ = {isa = PBXBuildFile; productRef = AE2F5FD92DD106A6003BDC36 /* protoc-gen-grpc-swift */; };
		AE2F60012DD10A68003BDC36 /* GRPCCodeGen in Frameworks */ = {isa = PBXBuildFile; productRef = AE2F60002DD10A68003BDC36 /* GRPCCodeGen */; };
		AE2F60032DD10A68003BDC36 /* GRPCCore in Frameworks */ = {isa = PBXBuildFile; productRef = AE2F60022DD10A68003BDC36 /* GRPCCore */; };
		AE2F60052DD10A68003BDC36 /* GRPCInProcessTransport in Frameworks */ = {isa = PBXBuildFile; productRef = AE2F60042DD10A68003BDC36 /* GRPCInProcessTransport */; };
		AE2F60082DD10A99003BDC36 /* GRPCNIOTransportHTTP2 in Frameworks */ = {isa = PBXBuildFile; productRef = AE2F60072DD10A99003BDC36 /* GRPCNIOTransportHTTP2 */; };
		AE2F600A2DD10A99003BDC36 /* GRPCNIOTransportHTTP2Posix in Frameworks */ = {isa = PBXBuildFile; productRef = AE2F60092DD10A99003BDC36 /* GRPCNIOTransportHTTP2Posix */; };
		AE2F600C2DD10A99003BDC36 /* GRPCNIOTransportHTTP2TransportServices in Frameworks */ = {isa = PBXBuildFile; productRef = AE2F600B2DD10A99003BDC36 /* GRPCNIOTransportHTTP2TransportServices */; };
		AE2F600F2DD10AC5003BDC36 /* GRPCProtobuf in Frameworks */ = {isa = PBXBuildFile; productRef = AE2F600E2DD10AC5003BDC36 /* GRPCProtobuf */; };
		AE2F60112DD10AC5003BDC36 /* protoc-gen-grpc-swift in Frameworks */ = {isa = PBXBuildFile; productRef = AE2F60102DD10AC5003BDC36 /* protoc-gen-grpc-swift */; };
		D8CA9DBD2B166B3400BC35F8 /* BearTalkTests.swift in Sources */ = {isa = PBXBuildFile; fileRef = D8CA9DBC2B166B3400BC35F8 /* BearTalkTests.swift */; };
		D8CA9DC72B166B3400BC35F8 /* BearTalkUITests.swift in Sources */ = {isa = PBXBuildFile; fileRef = D8CA9DC62B166B3400BC35F8 /* BearTalkUITests.swift */; };
		D8CA9DC92B166B3400BC35F8 /* BearTalkUITestsLaunchTests.swift in Sources */ = {isa = PBXBuildFile; fileRef = D8CA9DC82B166B3400BC35F8 /* BearTalkUITestsLaunchTests.swift */; };
/* End PBXBuildFile section */

/* Begin PBXContainerItemProxy section */
		D8CA9DB92B166B3400BC35F8 /* PBXContainerItemProxy */ = {
			isa = PBXContainerItemProxy;
			containerPortal = D8CA9D9F2B166B3300BC35F8 /* Project object */;
			proxyType = 1;
			remoteGlobalIDString = D8CA9DA62B166B3300BC35F8;
			remoteInfo = BearTalk;
		};
		D8CA9DC32B166B3400BC35F8 /* PBXContainerItemProxy */ = {
			isa = PBXContainerItemProxy;
			containerPortal = D8CA9D9F2B166B3300BC35F8 /* Project object */;
			proxyType = 1;
			remoteGlobalIDString = D8CA9DA62B166B3300BC35F8;
			remoteInfo = BearTalk;
		};
/* End PBXContainerItemProxy section */

/* Begin PBXFileReference section */
		D8CA9DA72B166B3300BC35F8 /* BearTalk.app */ = {isa = PBXFileReference; explicitFileType = wrapper.application; includeInIndex = 0; path = BearTalk.app; sourceTree = BUILT_PRODUCTS_DIR; };
		D8CA9DB82B166B3400BC35F8 /* BearTalkTests.xctest */ = {isa = PBXFileReference; explicitFileType = wrapper.cfbundle; includeInIndex = 0; path = BearTalkTests.xctest; sourceTree = BUILT_PRODUCTS_DIR; };
		D8CA9DBC2B166B3400BC35F8 /* BearTalkTests.swift */ = {isa = PBXFileReference; lastKnownFileType = sourcecode.swift; path = BearTalkTests.swift; sourceTree = "<group>"; };
		D8CA9DC22B166B3400BC35F8 /* BearTalkUITests.xctest */ = {isa = PBXFileReference; explicitFileType = wrapper.cfbundle; includeInIndex = 0; path = BearTalkUITests.xctest; sourceTree = BUILT_PRODUCTS_DIR; };
		D8CA9DC62B166B3400BC35F8 /* BearTalkUITests.swift */ = {isa = PBXFileReference; lastKnownFileType = sourcecode.swift; path = BearTalkUITests.swift; sourceTree = "<group>"; };
		D8CA9DC82B166B3400BC35F8 /* BearTalkUITestsLaunchTests.swift */ = {isa = PBXFileReference; lastKnownFileType = sourcecode.swift; path = BearTalkUITestsLaunchTests.swift; sourceTree = "<group>"; };
/* End PBXFileReference section */

/* Begin PBXFileSystemSynchronizedBuildFileExceptionSet section */
		AE2F5F6B2DD0FAE1003BDC36 /* PBXFileSystemSynchronizedBuildFileExceptionSet */ = {
			isa = PBXFileSystemSynchronizedBuildFileExceptionSet;
			membershipExceptions = (
				Info.plist,
				"Scene/air_tex/black_gloss-s.png",
				"Scene/air_tex/carpaint-s.png",
				"Scene/air_tex/chrome_gloss-s.png",
				"Scene/air_tex/chrome_matte-s.png",
				"Scene/air_tex/chrome_polish-s.png",
				Scene/air_tex/metal_dark_grey.png,
				"Scene/air_tex/rim_black_gloss_aero-darker.png",
				Scene/air_tex/rim_black_gloss.png,
				"Scene/air_tex/tire_AO-darker.png",
				Scene/air_tex/tire_darkenfx_MASK_ALPHA.png,
				Scene/air_tex/tire_NORMAL.png,
				Scene/air_tex/tire_ROUGHNESS.png,
				Scene/air_tex/white_opacity.png,
			);
			target = D8CA9DA62B166B3300BC35F8 /* BearTalk */;
		};
/* End PBXFileSystemSynchronizedBuildFileExceptionSet section */

/* Begin PBXFileSystemSynchronizedRootGroup section */
		AE2F5F2C2DD0FAE1003BDC36 /* BearTalk */ = {isa = PBXFileSystemSynchronizedRootGroup; exceptions = (AE2F5F6B2DD0FAE1003BDC36 /* PBXFileSystemSynchronizedBuildFileExceptionSet */, ); explicitFileTypes = {}; explicitFolders = (); path = BearTalk; sourceTree = "<group>"; };
/* End PBXFileSystemSynchronizedRootGroup section */

/* Begin PBXFrameworksBuildPhase section */
		D8CA9DA42B166B3300BC35F8 /* Frameworks */ = {
			isa = PBXFrameworksBuildPhase;
			buildActionMask = 2147483647;
			files = (
				AE2F60082DD10A99003BDC36 /* GRPCNIOTransportHTTP2 in Frameworks */,
				AE2F5FBF2DD0FF3F003BDC36 /* SwiftProtobufPluginLibrary in Frameworks */,
				AE2F5FDA2DD106A6003BDC36 /* protoc-gen-grpc-swift in Frameworks */,
				AE2F60032DD10A68003BDC36 /* GRPCCore in Frameworks */,
				AE2F60012DD10A68003BDC36 /* GRPCCodeGen in Frameworks */,
				AE2F600F2DD10AC5003BDC36 /* GRPCProtobuf in Frameworks */,
				AE2F60052DD10A68003BDC36 /* GRPCInProcessTransport in Frameworks */,
				AE2F5FBD2DD0FF3F003BDC36 /* SwiftProtobuf in Frameworks */,
				AE2F600C2DD10A99003BDC36 /* GRPCNIOTransportHTTP2TransportServices in Frameworks */,
				AE2F600A2DD10A99003BDC36 /* GRPCNIOTransportHTTP2Posix in Frameworks */,
				AE2F5FC12DD0FF3F003BDC36 /* protoc-gen-swift in Frameworks */,
				AE2F60112DD10AC5003BDC36 /* protoc-gen-grpc-swift in Frameworks */,
			);
			runOnlyForDeploymentPostprocessing = 0;
		};
		D8CA9DB52B166B3400BC35F8 /* Frameworks */ = {
			isa = PBXFrameworksBuildPhase;
			buildActionMask = 2147483647;
			files = (
			);
			runOnlyForDeploymentPostprocessing = 0;
		};
		D8CA9DBF2B166B3400BC35F8 /* Frameworks */ = {
			isa = PBXFrameworksBuildPhase;
			buildActionMask = 2147483647;
			files = (
			);
			runOnlyForDeploymentPostprocessing = 0;
		};
/* End PBXFrameworksBuildPhase section */

/* Begin PBXGroup section */
		AE2F5FD22DD106A6003BDC36 /* Frameworks */ = {
			isa = PBXGroup;
			children = (
			);
			name = Frameworks;
			sourceTree = "<group>";
		};
		D8CA9D9E2B166B3300BC35F8 = {
			isa = PBXGroup;
			children = (
				AE2F5F2C2DD0FAE1003BDC36 /* BearTalk */,
				D8CA9DBB2B166B3400BC35F8 /* BearTalkTests */,
				D8CA9DC52B166B3400BC35F8 /* BearTalkUITests */,
				AE2F5FD22DD106A6003BDC36 /* Frameworks */,
				D8CA9DA82B166B3300BC35F8 /* Products */,
			);
			indentWidth = 4;
			sourceTree = "<group>";
			tabWidth = 4;
		};
		D8CA9DA82B166B3300BC35F8 /* Products */ = {
			isa = PBXGroup;
			children = (
				D8CA9DA72B166B3300BC35F8 /* BearTalk.app */,
				D8CA9DB82B166B3400BC35F8 /* BearTalkTests.xctest */,
				D8CA9DC22B166B3400BC35F8 /* BearTalkUITests.xctest */,
			);
			name = Products;
			sourceTree = "<group>";
		};
		D8CA9DBB2B166B3400BC35F8 /* BearTalkTests */ = {
			isa = PBXGroup;
			children = (
				D8CA9DBC2B166B3400BC35F8 /* BearTalkTests.swift */,
			);
			path = BearTalkTests;
			sourceTree = "<group>";
		};
		D8CA9DC52B166B3400BC35F8 /* BearTalkUITests */ = {
			isa = PBXGroup;
			children = (
				D8CA9DC62B166B3400BC35F8 /* BearTalkUITests.swift */,
				D8CA9DC82B166B3400BC35F8 /* BearTalkUITestsLaunchTests.swift */,
			);
			path = BearTalkUITests;
			sourceTree = "<group>";
		};
/* End PBXGroup section */

/* Begin PBXNativeTarget section */
		D8CA9DA62B166B3300BC35F8 /* BearTalk */ = {
			isa = PBXNativeTarget;
			buildConfigurationList = D8CA9DCC2B166B3400BC35F8 /* Build configuration list for PBXNativeTarget "BearTalk" */;
			buildPhases = (
				D8CA9DA32B166B3300BC35F8 /* Sources */,
				D8CA9DA42B166B3300BC35F8 /* Frameworks */,
				D8CA9DA52B166B3300BC35F8 /* Resources */,
			);
			buildRules = (
			);
			dependencies = (
			);
			fileSystemSynchronizedGroups = (
				AE2F5F2C2DD0FAE1003BDC36 /* BearTalk */,
			);
			name = BearTalk;
			productName = BearTalk;
			productReference = D8CA9DA72B166B3300BC35F8 /* BearTalk.app */;
			productType = "com.apple.product-type.application";
		};
		D8CA9DB72B166B3400BC35F8 /* BearTalkTests */ = {
			isa = PBXNativeTarget;
			buildConfigurationList = D8CA9DCF2B166B3400BC35F8 /* Build configuration list for PBXNativeTarget "BearTalkTests" */;
			buildPhases = (
				D8CA9DB42B166B3400BC35F8 /* Sources */,
				D8CA9DB52B166B3400BC35F8 /* Frameworks */,
				D8CA9DB62B166B3400BC35F8 /* Resources */,
			);
			buildRules = (
			);
			dependencies = (
				D8CA9DBA2B166B3400BC35F8 /* PBXTargetDependency */,
			);
			name = BearTalkTests;
			productName = BearTalkTests;
			productReference = D8CA9DB82B166B3400BC35F8 /* BearTalkTests.xctest */;
			productType = "com.apple.product-type.bundle.unit-test";
		};
		D8CA9DC12B166B3400BC35F8 /* BearTalkUITests */ = {
			isa = PBXNativeTarget;
			buildConfigurationList = D8CA9DD22B166B3400BC35F8 /* Build configuration list for PBXNativeTarget "BearTalkUITests" */;
			buildPhases = (
				D8CA9DBE2B166B3400BC35F8 /* Sources */,
				D8CA9DBF2B166B3400BC35F8 /* Frameworks */,
				D8CA9DC02B166B3400BC35F8 /* Resources */,
			);
			buildRules = (
			);
			dependencies = (
				D8CA9DC42B166B3400BC35F8 /* PBXTargetDependency */,
			);
			name = BearTalkUITests;
			productName = BearTalkUITests;
			productReference = D8CA9DC22B166B3400BC35F8 /* BearTalkUITests.xctest */;
			productType = "com.apple.product-type.bundle.ui-testing";
		};
/* End PBXNativeTarget section */

/* Begin PBXProject section */
		D8CA9D9F2B166B3300BC35F8 /* Project object */ = {
			isa = PBXProject;
			attributes = {
				BuildIndependentTargetsInParallel = 1;
				LastSwiftUpdateCheck = 1500;
				LastUpgradeCheck = 1640;
				TargetAttributes = {
					D8CA9DA62B166B3300BC35F8 = {
						CreatedOnToolsVersion = 15.0.1;
					};
					D8CA9DB72B166B3400BC35F8 = {
						CreatedOnToolsVersion = 15.0.1;
						TestTargetID = D8CA9DA62B166B3300BC35F8;
					};
					D8CA9DC12B166B3400BC35F8 = {
						CreatedOnToolsVersion = 15.0.1;
						TestTargetID = D8CA9DA62B166B3300BC35F8;
					};
				};
			};
			buildConfigurationList = D8CA9DA22B166B3300BC35F8 /* Build configuration list for PBXProject "BearTalk" */;
			compatibilityVersion = "Xcode 14.0";
			developmentRegion = en;
			hasScannedForEncodings = 0;
			knownRegions = (
				en,
				Base,
			);
			mainGroup = D8CA9D9E2B166B3300BC35F8;
			packageReferences = (
				AE2F5FBB2DD0FF3F003BDC36 /* XCRemoteSwiftPackageReference "swift-protobuf" */,
				AE2F5FFF2DD10A68003BDC36 /* XCRemoteSwiftPackageReference "grpc-swift" */,
				AE2F60062DD10A99003BDC36 /* XCRemoteSwiftPackageReference "grpc-swift-nio-transport" */,
				AE2F600D2DD10AC5003BDC36 /* XCRemoteSwiftPackageReference "grpc-swift-protobuf" */,
			);
			productRefGroup = D8CA9DA82B166B3300BC35F8 /* Products */;
			projectDirPath = "";
			projectRoot = "";
			targets = (
				D8CA9DA62B166B3300BC35F8 /* BearTalk */,
				D8CA9DB72B166B3400BC35F8 /* BearTalkTests */,
				D8CA9DC12B166B3400BC35F8 /* BearTalkUITests */,
			);
		};
/* End PBXProject section */

/* Begin PBXResourcesBuildPhase section */
		D8CA9DA52B166B3300BC35F8 /* Resources */ = {
			isa = PBXResourcesBuildPhase;
			buildActionMask = 2147483647;
			files = (
			);
			runOnlyForDeploymentPostprocessing = 0;
		};
		D8CA9DB62B166B3400BC35F8 /* Resources */ = {
			isa = PBXResourcesBuildPhase;
			buildActionMask = 2147483647;
			files = (
			);
			runOnlyForDeploymentPostprocessing = 0;
		};
		D8CA9DC02B166B3400BC35F8 /* Resources */ = {
			isa = PBXResourcesBuildPhase;
			buildActionMask = 2147483647;
			files = (
			);
			runOnlyForDeploymentPostprocessing = 0;
		};
/* End PBXResourcesBuildPhase section */

/* Begin PBXSourcesBuildPhase section */
		D8CA9DA32B166B3300BC35F8 /* Sources */ = {
			isa = PBXSourcesBuildPhase;
			buildActionMask = 2147483647;
			files = (
			);
			runOnlyForDeploymentPostprocessing = 0;
		};
		D8CA9DB42B166B3400BC35F8 /* Sources */ = {
			isa = PBXSourcesBuildPhase;
			buildActionMask = 2147483647;
			files = (
				D8CA9DBD2B166B3400BC35F8 /* BearTalkTests.swift in Sources */,
			);
			runOnlyForDeploymentPostprocessing = 0;
		};
		D8CA9DBE2B166B3400BC35F8 /* Sources */ = {
			isa = PBXSourcesBuildPhase;
			buildActionMask = 2147483647;
			files = (
				D8CA9DC92B166B3400BC35F8 /* BearTalkUITestsLaunchTests.swift in Sources */,
				D8CA9DC72B166B3400BC35F8 /* BearTalkUITests.swift in Sources */,
			);
			runOnlyForDeploymentPostprocessing = 0;
		};
/* End PBXSourcesBuildPhase section */

/* Begin PBXTargetDependency section */
		D8CA9DBA2B166B3400BC35F8 /* PBXTargetDependency */ = {
			isa = PBXTargetDependency;
			target = D8CA9DA62B166B3300BC35F8 /* BearTalk */;
			targetProxy = D8CA9DB92B166B3400BC35F8 /* PBXContainerItemProxy */;
		};
		D8CA9DC42B166B3400BC35F8 /* PBXTargetDependency */ = {
			isa = PBXTargetDependency;
			target = D8CA9DA62B166B3300BC35F8 /* BearTalk */;
			targetProxy = D8CA9DC32B166B3400BC35F8 /* PBXContainerItemProxy */;
		};
/* End PBXTargetDependency section */

/* Begin XCBuildConfiguration section */
		D8CA9DCA2B166B3400BC35F8 /* Debug */ = {
			isa = XCBuildConfiguration;
			buildSettings = {
				ALWAYS_SEARCH_USER_PATHS = NO;
				ASSETCATALOG_COMPILER_GENERATE_SWIFT_ASSET_SYMBOL_EXTENSIONS = YES;
				CLANG_ANALYZER_NONNULL = YES;
				CLANG_ANALYZER_NUMBER_OBJECT_CONVERSION = YES_AGGRESSIVE;
				CLANG_CXX_LANGUAGE_STANDARD = "gnu++20";
				CLANG_ENABLE_MODULES = YES;
				CLANG_ENABLE_OBJC_ARC = YES;
				CLANG_ENABLE_OBJC_WEAK = YES;
				CLANG_WARN_BLOCK_CAPTURE_AUTORELEASING = YES;
				CLANG_WARN_BOOL_CONVERSION = YES;
				CLANG_WARN_COMMA = YES;
				CLANG_WARN_CONSTANT_CONVERSION = YES;
				CLANG_WARN_DEPRECATED_OBJC_IMPLEMENTATIONS = YES;
				CLANG_WARN_DIRECT_OBJC_ISA_USAGE = YES_ERROR;
				CLANG_WARN_DOCUMENTATION_COMMENTS = YES;
				CLANG_WARN_EMPTY_BODY = YES;
				CLANG_WARN_ENUM_CONVERSION = YES;
				CLANG_WARN_INFINITE_RECURSION = YES;
				CLANG_WARN_INT_CONVERSION = YES;
				CLANG_WARN_NON_LITERAL_NULL_CONVERSION = YES;
				CLANG_WARN_OBJC_IMPLICIT_RETAIN_SELF = YES;
				CLANG_WARN_OBJC_LITERAL_CONVERSION = YES;
				CLANG_WARN_OBJC_ROOT_CLASS = YES_ERROR;
				CLANG_WARN_QUOTED_INCLUDE_IN_FRAMEWORK_HEADER = YES;
				CLANG_WARN_RANGE_LOOP_ANALYSIS = YES;
				CLANG_WARN_STRICT_PROTOTYPES = YES;
				CLANG_WARN_SUSPICIOUS_MOVE = YES;
				CLANG_WARN_UNGUARDED_AVAILABILITY = YES_AGGRESSIVE;
				CLANG_WARN_UNREACHABLE_CODE = YES;
				CLANG_WARN__DUPLICATE_METHOD_MATCH = YES;
				COPY_PHASE_STRIP = NO;
				DEAD_CODE_STRIPPING = YES;
				DEBUG_INFORMATION_FORMAT = dwarf;
				DEVELOPMENT_TEAM = T2N6RA2S89;
				ENABLE_STRICT_OBJC_MSGSEND = YES;
				ENABLE_TESTABILITY = YES;
				ENABLE_USER_SCRIPT_SANDBOXING = YES;
				GCC_C_LANGUAGE_STANDARD = gnu17;
				GCC_DYNAMIC_NO_PIC = NO;
				GCC_NO_COMMON_BLOCKS = YES;
				GCC_OPTIMIZATION_LEVEL = 0;
				GCC_PREPROCESSOR_DEFINITIONS = (
					"DEBUG=1",
					"$(inherited)",
				);
				GCC_WARN_64_TO_32_BIT_CONVERSION = YES;
				GCC_WARN_ABOUT_RETURN_TYPE = YES_ERROR;
				GCC_WARN_UNDECLARED_SELECTOR = YES;
				GCC_WARN_UNINITIALIZED_AUTOS = YES_AGGRESSIVE;
				GCC_WARN_UNUSED_FUNCTION = YES;
				GCC_WARN_UNUSED_VARIABLE = YES;
				LOCALIZATION_PREFERS_STRING_CATALOGS = YES;
				MTL_ENABLE_DEBUG_INFO = INCLUDE_SOURCE;
				MTL_FAST_MATH = YES;
				ONLY_ACTIVE_ARCH = YES;
				SWIFT_ACTIVE_COMPILATION_CONDITIONS = "DEBUG $(inherited)";
				SWIFT_OPTIMIZATION_LEVEL = "-Onone";
			};
			name = Debug;
		};
		D8CA9DCB2B166B3400BC35F8 /* Release */ = {
			isa = XCBuildConfiguration;
			buildSettings = {
				ALWAYS_SEARCH_USER_PATHS = NO;
				ASSETCATALOG_COMPILER_GENERATE_SWIFT_ASSET_SYMBOL_EXTENSIONS = YES;
				CLANG_ANALYZER_NONNULL = YES;
				CLANG_ANALYZER_NUMBER_OBJECT_CONVERSION = YES_AGGRESSIVE;
				CLANG_CXX_LANGUAGE_STANDARD = "gnu++20";
				CLANG_ENABLE_MODULES = YES;
				CLANG_ENABLE_OBJC_ARC = YES;
				CLANG_ENABLE_OBJC_WEAK = YES;
				CLANG_WARN_BLOCK_CAPTURE_AUTORELEASING = YES;
				CLANG_WARN_BOOL_CONVERSION = YES;
				CLANG_WARN_COMMA = YES;
				CLANG_WARN_CONSTANT_CONVERSION = YES;
				CLANG_WARN_DEPRECATED_OBJC_IMPLEMENTATIONS = YES;
				CLANG_WARN_DIRECT_OBJC_ISA_USAGE = YES_ERROR;
				CLANG_WARN_DOCUMENTATION_COMMENTS = YES;
				CLANG_WARN_EMPTY_BODY = YES;
				CLANG_WARN_ENUM_CONVERSION = YES;
				CLANG_WARN_INFINITE_RECURSION = YES;
				CLANG_WARN_INT_CONVERSION = YES;
				CLANG_WARN_NON_LITERAL_NULL_CONVERSION = YES;
				CLANG_WARN_OBJC_IMPLICIT_RETAIN_SELF = YES;
				CLANG_WARN_OBJC_LITERAL_CONVERSION = YES;
				CLANG_WARN_OBJC_ROOT_CLASS = YES_ERROR;
				CLANG_WARN_QUOTED_INCLUDE_IN_FRAMEWORK_HEADER = YES;
				CLANG_WARN_RANGE_LOOP_ANALYSIS = YES;
				CLANG_WARN_STRICT_PROTOTYPES = YES;
				CLANG_WARN_SUSPICIOUS_MOVE = YES;
				CLANG_WARN_UNGUARDED_AVAILABILITY = YES_AGGRESSIVE;
				CLANG_WARN_UNREACHABLE_CODE = YES;
				CLANG_WARN__DUPLICATE_METHOD_MATCH = YES;
				COPY_PHASE_STRIP = NO;
				DEAD_CODE_STRIPPING = YES;
				DEBUG_INFORMATION_FORMAT = "dwarf-with-dsym";
				DEVELOPMENT_TEAM = T2N6RA2S89;
				ENABLE_NS_ASSERTIONS = NO;
				ENABLE_STRICT_OBJC_MSGSEND = YES;
				ENABLE_USER_SCRIPT_SANDBOXING = YES;
				GCC_C_LANGUAGE_STANDARD = gnu17;
				GCC_NO_COMMON_BLOCKS = YES;
				GCC_WARN_64_TO_32_BIT_CONVERSION = YES;
				GCC_WARN_ABOUT_RETURN_TYPE = YES_ERROR;
				GCC_WARN_UNDECLARED_SELECTOR = YES;
				GCC_WARN_UNINITIALIZED_AUTOS = YES_AGGRESSIVE;
				GCC_WARN_UNUSED_FUNCTION = YES;
				GCC_WARN_UNUSED_VARIABLE = YES;
				LOCALIZATION_PREFERS_STRING_CATALOGS = YES;
				MTL_ENABLE_DEBUG_INFO = NO;
				MTL_FAST_MATH = YES;
				SWIFT_COMPILATION_MODE = wholemodule;
			};
			name = Release;
		};
		D8CA9DCD2B166B3400BC35F8 /* Debug */ = {
			isa = XCBuildConfiguration;
			buildSettings = {
				ASSETCATALOG_COMPILER_APPICON_NAME = AppIcon;
				ASSETCATALOG_COMPILER_GLOBAL_ACCENT_COLOR_NAME = AccentColor;
				CODE_SIGN_ENTITLEMENTS = BearTalk/BearTalk.entitlements;
				CODE_SIGN_STYLE = Automatic;
				CURRENT_PROJECT_VERSION = 1;
				DEAD_CODE_STRIPPING = YES;
				DEVELOPMENT_ASSET_PATHS = "\"BearTalk/Preview Content\"";
				ENABLE_HARDENED_RUNTIME = YES;
				ENABLE_PREVIEWS = YES;
				GENERATE_INFOPLIST_FILE = YES;
				INFOPLIST_FILE = BearTalk/Info.plist;
				INFOPLIST_KEY_CFBundleDisplayName = "Bear Assist";
				INFOPLIST_KEY_ITSAppUsesNonExemptEncryption = NO;
				INFOPLIST_KEY_NSFaceIDUsageDescription = "Uses FaceID to log in";
				INFOPLIST_KEY_NSMicrophoneUsageDescription = "Used to allow you to speak your current efficiency and calculate estimated range.";
				INFOPLIST_KEY_NSSpeechRecognitionUsageDescription = "Used to allow you to speak your current efficiency and calculate estimated range.";
				"INFOPLIST_KEY_UIApplicationSceneManifest_Generation[sdk=iphoneos*]" = YES;
				"INFOPLIST_KEY_UIApplicationSceneManifest_Generation[sdk=iphonesimulator*]" = YES;
				"INFOPLIST_KEY_UIApplicationSupportsIndirectInputEvents[sdk=iphoneos*]" = YES;
				"INFOPLIST_KEY_UIApplicationSupportsIndirectInputEvents[sdk=iphonesimulator*]" = YES;
				"INFOPLIST_KEY_UILaunchScreen_Generation[sdk=iphoneos*]" = YES;
				"INFOPLIST_KEY_UILaunchScreen_Generation[sdk=iphonesimulator*]" = YES;
				"INFOPLIST_KEY_UIStatusBarStyle[sdk=iphoneos*]" = UIStatusBarStyleDefault;
				"INFOPLIST_KEY_UIStatusBarStyle[sdk=iphonesimulator*]" = UIStatusBarStyleDefault;
				INFOPLIST_KEY_UISupportedInterfaceOrientations = UIInterfaceOrientationPortrait;
				INFOPLIST_KEY_UISupportedInterfaceOrientations_iPad = "UIInterfaceOrientationLandscapeLeft UIInterfaceOrientationLandscapeRight UIInterfaceOrientationPortrait UIInterfaceOrientationPortraitUpsideDown";
				IPHONEOS_DEPLOYMENT_TARGET = 18;
				LD_RUNPATH_SEARCH_PATHS = "@executable_path/Frameworks";
				"LD_RUNPATH_SEARCH_PATHS[sdk=macosx*]" = "@executable_path/../Frameworks";
				MACOSX_DEPLOYMENT_TARGET = 14.0;
				MARKETING_VERSION = 1.0;
				PRODUCT_BUNDLE_IDENTIFIER = com.joecieplinski.BearTalk;
				PRODUCT_NAME = "$(TARGET_NAME)";
				SDKROOT = auto;
				SUPPORTED_PLATFORMS = "iphoneos iphonesimulator macosx";
				SWIFT_EMIT_LOC_STRINGS = YES;
				SWIFT_VERSION = 5.0;
				TARGETED_DEVICE_FAMILY = "1,2";
			};
			name = Debug;
		};
		D8CA9DCE2B166B3400BC35F8 /* Release */ = {
			isa = XCBuildConfiguration;
			buildSettings = {
				ASSETCATALOG_COMPILER_APPICON_NAME = AppIcon;
				ASSETCATALOG_COMPILER_GLOBAL_ACCENT_COLOR_NAME = AccentColor;
				CODE_SIGN_ENTITLEMENTS = BearTalk/BearTalk.entitlements;
				CODE_SIGN_STYLE = Automatic;
				CURRENT_PROJECT_VERSION = 1;
				DEAD_CODE_STRIPPING = YES;
				DEVELOPMENT_ASSET_PATHS = "\"BearTalk/Preview Content\"";
				ENABLE_HARDENED_RUNTIME = YES;
				ENABLE_PREVIEWS = YES;
				GENERATE_INFOPLIST_FILE = YES;
				INFOPLIST_FILE = BearTalk/Info.plist;
				INFOPLIST_KEY_CFBundleDisplayName = "Bear Assist";
				INFOPLIST_KEY_ITSAppUsesNonExemptEncryption = NO;
				INFOPLIST_KEY_NSFaceIDUsageDescription = "Uses FaceID to log in";
				INFOPLIST_KEY_NSMicrophoneUsageDescription = "Used to allow you to speak your current efficiency and calculate estimated range.";
				INFOPLIST_KEY_NSSpeechRecognitionUsageDescription = "Used to allow you to speak your current efficiency and calculate estimated range.";
				"INFOPLIST_KEY_UIApplicationSceneManifest_Generation[sdk=iphoneos*]" = YES;
				"INFOPLIST_KEY_UIApplicationSceneManifest_Generation[sdk=iphonesimulator*]" = YES;
				"INFOPLIST_KEY_UIApplicationSupportsIndirectInputEvents[sdk=iphoneos*]" = YES;
				"INFOPLIST_KEY_UIApplicationSupportsIndirectInputEvents[sdk=iphonesimulator*]" = YES;
				"INFOPLIST_KEY_UILaunchScreen_Generation[sdk=iphoneos*]" = YES;
				"INFOPLIST_KEY_UILaunchScreen_Generation[sdk=iphonesimulator*]" = YES;
				"INFOPLIST_KEY_UIStatusBarStyle[sdk=iphoneos*]" = UIStatusBarStyleDefault;
				"INFOPLIST_KEY_UIStatusBarStyle[sdk=iphonesimulator*]" = UIStatusBarStyleDefault;
				INFOPLIST_KEY_UISupportedInterfaceOrientations = UIInterfaceOrientationPortrait;
				INFOPLIST_KEY_UISupportedInterfaceOrientations_iPad = "UIInterfaceOrientationLandscapeLeft UIInterfaceOrientationLandscapeRight UIInterfaceOrientationPortrait UIInterfaceOrientationPortraitUpsideDown";
				IPHONEOS_DEPLOYMENT_TARGET = 18;
				LD_RUNPATH_SEARCH_PATHS = "@executable_path/Frameworks";
				"LD_RUNPATH_SEARCH_PATHS[sdk=macosx*]" = "@executable_path/../Frameworks";
				MACOSX_DEPLOYMENT_TARGET = 14.0;
				MARKETING_VERSION = 1.0;
				PRODUCT_BUNDLE_IDENTIFIER = com.joecieplinski.BearTalk;
				PRODUCT_NAME = "$(TARGET_NAME)";
				SDKROOT = auto;
				SUPPORTED_PLATFORMS = "iphoneos iphonesimulator macosx";
				SWIFT_EMIT_LOC_STRINGS = YES;
				SWIFT_VERSION = 5.0;
				TARGETED_DEVICE_FAMILY = "1,2";
			};
			name = Release;
		};
		D8CA9DD02B166B3400BC35F8 /* Debug */ = {
			isa = XCBuildConfiguration;
			buildSettings = {
				BUNDLE_LOADER = "$(TEST_HOST)";
				CODE_SIGN_STYLE = Automatic;
				CURRENT_PROJECT_VERSION = 1;
				DEAD_CODE_STRIPPING = YES;
				GENERATE_INFOPLIST_FILE = YES;
				IPHONEOS_DEPLOYMENT_TARGET = 17.0;
				MACOSX_DEPLOYMENT_TARGET = 14.0;
				MARKETING_VERSION = 1.0;
				PRODUCT_BUNDLE_IDENTIFIER = com.joecieplinski.BearTalkTests;
				PRODUCT_NAME = "$(TARGET_NAME)";
				SDKROOT = auto;
				SUPPORTED_PLATFORMS = "iphoneos iphonesimulator macosx";
				SWIFT_EMIT_LOC_STRINGS = NO;
				SWIFT_VERSION = 5.0;
				TARGETED_DEVICE_FAMILY = "1,2";
				TEST_HOST = "$(BUILT_PRODUCTS_DIR)/BearTalk.app/$(BUNDLE_EXECUTABLE_FOLDER_PATH)/BearTalk";
			};
			name = Debug;
		};
		D8CA9DD12B166B3400BC35F8 /* Release */ = {
			isa = XCBuildConfiguration;
			buildSettings = {
				BUNDLE_LOADER = "$(TEST_HOST)";
				CODE_SIGN_STYLE = Automatic;
				CURRENT_PROJECT_VERSION = 1;
				DEAD_CODE_STRIPPING = YES;
				GENERATE_INFOPLIST_FILE = YES;
				IPHONEOS_DEPLOYMENT_TARGET = 17.0;
				MACOSX_DEPLOYMENT_TARGET = 14.0;
				MARKETING_VERSION = 1.0;
				PRODUCT_BUNDLE_IDENTIFIER = com.joecieplinski.BearTalkTests;
				PRODUCT_NAME = "$(TARGET_NAME)";
				SDKROOT = auto;
				SUPPORTED_PLATFORMS = "iphoneos iphonesimulator macosx";
				SWIFT_EMIT_LOC_STRINGS = NO;
				SWIFT_VERSION = 5.0;
				TARGETED_DEVICE_FAMILY = "1,2";
				TEST_HOST = "$(BUILT_PRODUCTS_DIR)/BearTalk.app/$(BUNDLE_EXECUTABLE_FOLDER_PATH)/BearTalk";
			};
			name = Release;
		};
		D8CA9DD32B166B3400BC35F8 /* Debug */ = {
			isa = XCBuildConfiguration;
			buildSettings = {
				CODE_SIGN_STYLE = Automatic;
				CURRENT_PROJECT_VERSION = 1;
				DEAD_CODE_STRIPPING = YES;
				GENERATE_INFOPLIST_FILE = YES;
				IPHONEOS_DEPLOYMENT_TARGET = 17.0;
				MACOSX_DEPLOYMENT_TARGET = 14.0;
				MARKETING_VERSION = 1.0;
				PRODUCT_BUNDLE_IDENTIFIER = com.joecieplinski.BearTalkUITests;
				PRODUCT_NAME = "$(TARGET_NAME)";
				SDKROOT = auto;
				SUPPORTED_PLATFORMS = "iphoneos iphonesimulator macosx";
				SWIFT_EMIT_LOC_STRINGS = NO;
				SWIFT_VERSION = 5.0;
				TARGETED_DEVICE_FAMILY = "1,2";
				TEST_TARGET_NAME = BearTalk;
			};
			name = Debug;
		};
		D8CA9DD42B166B3400BC35F8 /* Release */ = {
			isa = XCBuildConfiguration;
			buildSettings = {
				CODE_SIGN_STYLE = Automatic;
				CURRENT_PROJECT_VERSION = 1;
				DEAD_CODE_STRIPPING = YES;
				GENERATE_INFOPLIST_FILE = YES;
				IPHONEOS_DEPLOYMENT_TARGET = 17.0;
				MACOSX_DEPLOYMENT_TARGET = 14.0;
				MARKETING_VERSION = 1.0;
				PRODUCT_BUNDLE_IDENTIFIER = com.joecieplinski.BearTalkUITests;
				PRODUCT_NAME = "$(TARGET_NAME)";
				SDKROOT = auto;
				SUPPORTED_PLATFORMS = "iphoneos iphonesimulator macosx";
				SWIFT_EMIT_LOC_STRINGS = NO;
				SWIFT_VERSION = 5.0;
				TARGETED_DEVICE_FAMILY = "1,2";
				TEST_TARGET_NAME = BearTalk;
			};
			name = Release;
		};
/* End XCBuildConfiguration section */

/* Begin XCConfigurationList section */
		D8CA9DA22B166B3300BC35F8 /* Build configuration list for PBXProject "BearTalk" */ = {
			isa = XCConfigurationList;
			buildConfigurations = (
				D8CA9DCA2B166B3400BC35F8 /* Debug */,
				D8CA9DCB2B166B3400BC35F8 /* Release */,
			);
			defaultConfigurationIsVisible = 0;
			defaultConfigurationName = Release;
		};
		D8CA9DCC2B166B3400BC35F8 /* Build configuration list for PBXNativeTarget "BearTalk" */ = {
			isa = XCConfigurationList;
			buildConfigurations = (
				D8CA9DCD2B166B3400BC35F8 /* Debug */,
				D8CA9DCE2B166B3400BC35F8 /* Release */,
			);
			defaultConfigurationIsVisible = 0;
			defaultConfigurationName = Release;
		};
		D8CA9DCF2B166B3400BC35F8 /* Build configuration list for PBXNativeTarget "BearTalkTests" */ = {
			isa = XCConfigurationList;
			buildConfigurations = (
				D8CA9DD02B166B3400BC35F8 /* Debug */,
				D8CA9DD12B166B3400BC35F8 /* Release */,
			);
			defaultConfigurationIsVisible = 0;
			defaultConfigurationName = Release;
		};
		D8CA9DD22B166B3400BC35F8 /* Build configuration list for PBXNativeTarget "BearTalkUITests" */ = {
			isa = XCConfigurationList;
			buildConfigurations = (
				D8CA9DD32B166B3400BC35F8 /* Debug */,
				D8CA9DD42B166B3400BC35F8 /* Release */,
			);
			defaultConfigurationIsVisible = 0;
			defaultConfigurationName = Release;
		};
/* End XCConfigurationList section */

/* Begin XCRemoteSwiftPackageReference section */
		AE2F5FBB2DD0FF3F003BDC36 /* XCRemoteSwiftPackageReference "swift-protobuf" */ = {
			isa = XCRemoteSwiftPackageReference;
			repositoryURL = "https://github.com/apple/swift-protobuf.git";
			requirement = {
				kind = upToNextMajorVersion;
				minimumVersion = 1.29.0;
			};
		};
		AE2F5FCB2DD103DB003BDC36 /* XCRemoteSwiftPackageReference "grpc-swift" */ = {
			isa = XCRemoteSwiftPackageReference;
			repositoryURL = "https://github.com/grpc/grpc-swift.git";
			requirement = {
				kind = upToNextMajorVersion;
				minimumVersion = 1.24.0;
			};
		};
		AE2F5FFF2DD10A68003BDC36 /* XCRemoteSwiftPackageReference "grpc-swift" */ = {
			isa = XCRemoteSwiftPackageReference;
			repositoryURL = "https://github.com/grpc/grpc-swift.git";
			requirement = {
				kind = upToNextMajorVersion;
				minimumVersion = 2.1.2;
			};
		};
		AE2F60062DD10A99003BDC36 /* XCRemoteSwiftPackageReference "grpc-swift-nio-transport" */ = {
			isa = XCRemoteSwiftPackageReference;
			repositoryURL = "https://github.com/grpc/grpc-swift-nio-transport";
			requirement = {
				kind = upToNextMajorVersion;
				minimumVersion = 1.0.3;
			};
		};
		AE2F600D2DD10AC5003BDC36 /* XCRemoteSwiftPackageReference "grpc-swift-protobuf" */ = {
			isa = XCRemoteSwiftPackageReference;
			repositoryURL = "https://github.com/grpc/grpc-swift-protobuf";
			requirement = {
				kind = upToNextMajorVersion;
				minimumVersion = 1.2.0;
			};
		};
/* End XCRemoteSwiftPackageReference section */

/* Begin XCSwiftPackageProductDependency section */
		AE2F5FBC2DD0FF3F003BDC36 /* SwiftProtobuf */ = {
			isa = XCSwiftPackageProductDependency;
			package = AE2F5FBB2DD0FF3F003BDC36 /* XCRemoteSwiftPackageReference "swift-protobuf" */;
			productName = SwiftProtobuf;
		};
		AE2F5FBE2DD0FF3F003BDC36 /* SwiftProtobufPluginLibrary */ = {
			isa = XCSwiftPackageProductDependency;
			package = AE2F5FBB2DD0FF3F003BDC36 /* XCRemoteSwiftPackageReference "swift-protobuf" */;
			productName = SwiftProtobufPluginLibrary;
		};
		AE2F5FC02DD0FF3F003BDC36 /* protoc-gen-swift */ = {
			isa = XCSwiftPackageProductDependency;
			package = AE2F5FBB2DD0FF3F003BDC36 /* XCRemoteSwiftPackageReference "swift-protobuf" */;
			productName = "protoc-gen-swift";
		};
		AE2F5FD92DD106A6003BDC36 /* protoc-gen-grpc-swift */ = {
			isa = XCSwiftPackageProductDependency;
			package = AE2F5FCB2DD103DB003BDC36 /* XCRemoteSwiftPackageReference "grpc-swift" */;
			productName = "protoc-gen-grpc-swift";
		};
		AE2F60002DD10A68003BDC36 /* GRPCCodeGen */ = {
			isa = XCSwiftPackageProductDependency;
			package = AE2F5FFF2DD10A68003BDC36 /* XCRemoteSwiftPackageReference "grpc-swift" */;
			productName = GRPCCodeGen;
		};
		AE2F60022DD10A68003BDC36 /* GRPCCore */ = {
			isa = XCSwiftPackageProductDependency;
			package = AE2F5FFF2DD10A68003BDC36 /* XCRemoteSwiftPackageReference "grpc-swift" */;
			productName = GRPCCore;
		};
		AE2F60042DD10A68003BDC36 /* GRPCInProcessTransport */ = {
			isa = XCSwiftPackageProductDependency;
			package = AE2F5FFF2DD10A68003BDC36 /* XCRemoteSwiftPackageReference "grpc-swift" */;
			productName = GRPCInProcessTransport;
		};
		AE2F60072DD10A99003BDC36 /* GRPCNIOTransportHTTP2 */ = {
			isa = XCSwiftPackageProductDependency;
			package = AE2F60062DD10A99003BDC36 /* XCRemoteSwiftPackageReference "grpc-swift-nio-transport" */;
			productName = GRPCNIOTransportHTTP2;
		};
		AE2F60092DD10A99003BDC36 /* GRPCNIOTransportHTTP2Posix */ = {
			isa = XCSwiftPackageProductDependency;
			package = AE2F60062DD10A99003BDC36 /* XCRemoteSwiftPackageReference "grpc-swift-nio-transport" */;
			productName = GRPCNIOTransportHTTP2Posix;
		};
		AE2F600B2DD10A99003BDC36 /* GRPCNIOTransportHTTP2TransportServices */ = {
			isa = XCSwiftPackageProductDependency;
			package = AE2F60062DD10A99003BDC36 /* XCRemoteSwiftPackageReference "grpc-swift-nio-transport" */;
			productName = GRPCNIOTransportHTTP2TransportServices;
		};
		AE2F600E2DD10AC5003BDC36 /* GRPCProtobuf */ = {
			isa = XCSwiftPackageProductDependency;
			package = AE2F600D2DD10AC5003BDC36 /* XCRemoteSwiftPackageReference "grpc-swift-protobuf" */;
			productName = GRPCProtobuf;
		};
		AE2F60102DD10AC5003BDC36 /* protoc-gen-grpc-swift */ = {
			isa = XCSwiftPackageProductDependency;
			package = AE2F600D2DD10AC5003BDC36 /* XCRemoteSwiftPackageReference "grpc-swift-protobuf" */;
			productName = "protoc-gen-grpc-swift";
		};
/* End XCSwiftPackageProductDependency section */
	};
	rootObject = D8CA9D9F2B166B3300BC35F8 /* Project object */;
}
